
Microsoft Visual Studio Solution File, Format Version 12.00
# Visual Studio Version 16
VisualStudioVersion = 16.0.29403.142
MinimumVisualStudioVersion = 10.0.40219.1
Project("{9A19103F-16F7-4668-BE54-9A1E7A4F7556}") = "IdeoTask", "IdeoTask\IdeoTask.csproj", "{A65BD7F6-11C4-4220-8707-3B34A7B6DE73}"
EndProject
Project("{9A19103F-16F7-4668-BE54-9A1E7A4F7556}") = "IdeoTask.Services", "IdeoTask.Services\IdeoTask.Services.csproj", "{547F26ED-48AA-4C56-9804-62D0A9F8EDC1}"
EndProject
Project("{9A19103F-16F7-4668-BE54-9A1E7A4F7556}") = "IdeoTask.EntityFramework", "IdeoTask.EntityFramework\IdeoTask.EntityFramework.csproj", "{4342E529-CF5F-4DDE-BBF1-8C18034197DE}"
EndProject
Global
	GlobalSection(SolutionConfigurationPlatforms) = preSolution
		Debug|Any CPU = Debug|Any CPU
		Release|Any CPU = Release|Any CPU
	EndGlobalSection
	GlobalSection(ProjectConfigurationPlatforms) = postSolution
		{A65BD7F6-11C4-4220-8707-3B34A7B6DE73}.Debug|Any CPU.ActiveCfg = Debug|Any CPU
		{A65BD7F6-11C4-4220-8707-3B34A7B6DE73}.Debug|Any CPU.Build.0 = Debug|Any CPU
		{A65BD7F6-11C4-4220-8707-3B34A7B6DE73}.Release|Any CPU.ActiveCfg = Release|Any CPU
		{A65BD7F6-11C4-4220-8707-3B34A7B6DE73}.Release|Any CPU.Build.0 = Release|Any CPU
		{547F26ED-48AA-4C56-9804-62D0A9F8EDC1}.Debug|Any CPU.ActiveCfg = Debug|Any CPU
		{547F26ED-48AA-4C56-9804-62D0A9F8EDC1}.Debug|Any CPU.Build.0 = Debug|Any CPU
		{547F26ED-48AA-4C56-9804-62D0A9F8EDC1}.Release|Any CPU.ActiveCfg = Release|Any CPU
		{547F26ED-48AA-4C56-9804-62D0A9F8EDC1}.Release|Any CPU.Build.0 = Release|Any CPU
		{4342E529-CF5F-4DDE-BBF1-8C18034197DE}.Debug|Any CPU.ActiveCfg = Debug|Any CPU
		{4342E529-CF5F-4DDE-BBF1-8C18034197DE}.Debug|Any CPU.Build.0 = Debug|Any CPU
		{4342E529-CF5F-4DDE-BBF1-8C18034197DE}.Release|Any CPU.ActiveCfg = Release|Any CPU
		{4342E529-CF5F-4DDE-BBF1-8C18034197DE}.Release|Any CPU.Build.0 = Release|Any CPU
	EndGlobalSection
	GlobalSection(SolutionProperties) = preSolution
		HideSolutionNode = FALSE
	EndGlobalSection
	GlobalSection(ExtensibilityGlobals) = postSolution
		SolutionGuid = {171BB4F8-2F19-4F57-9A18-745C629CA864}
	EndGlobalSection
EndGlobal
