
Microsoft Visual Studio Solution File, Format Version 12.00
# Visual Studio Version 16
VisualStudioVersion = 16.0.29403.142
MinimumVisualStudioVersion = 10.0.40219.1
Project("{FAE04EC0-301F-11D3-BF4B-00C04F79EFBC}") = "IdeoTask", "IdeoTask\IdeoTask.csproj", "{A65BD7F6-11C4-4220-8707-3B34A7B6DE73}"
EndProject
Global
	GlobalSection(SolutionConfigurationPlatforms) = preSolution
		Debug|Any CPU = Debug|Any CPU
		Release|Any CPU = Release|Any CPU
	EndGlobalSection
	GlobalSection(ProjectConfigurationPlatforms) = postSolution
		{A65BD7F6-11C4-4220-8707-3B34A7B6DE73}.Debug|Any CPU.ActiveCfg = Debug|Any CPU
		{A65BD7F6-11C4-4220-8707-3B34A7B6DE73}.Debug|Any CPU.Build.0 = Debug|Any CPU
		{A65BD7F6-11C4-4220-8707-3B34A7B6DE73}.Release|Any CPU.ActiveCfg = Release|Any CPU
		{A65BD7F6-11C4-4220-8707-3B34A7B6DE73}.Release|Any CPU.Build.0 = Release|Any CPU
	EndGlobalSection
	GlobalSection(SolutionProperties) = preSolution
		HideSolutionNode = FALSE
	EndGlobalSection
	GlobalSection(ExtensibilityGlobals) = postSolution
		SolutionGuid = {171BB4F8-2F19-4F57-9A18-745C629CA864}
	EndGlobalSection
EndGlobal
